
Microsoft Visual Studio Solution File, Format Version 12.00
# Visual Studio Version 16
VisualStudioVersion = 16.0.31410.357
MinimumVisualStudioVersion = 10.0.40219.1
Project("{FAE04EC0-301F-11D3-BF4B-00C04F79EFBC}") = "MVPTestApp1", "MVPTestApp1\MVPTestApp1.csproj", "{8D40F59A-84E6-4E63-B598-43A613FF0D19}"
EndProject
Project("{FAE04EC0-301F-11D3-BF4B-00C04F79EFBC}") = "MVPTestApp1.Core", "MVPTestApp1.Core\MVPTestApp1.Core.csproj", "{F2B36C8B-9D9F-4227-93E4-450B8D8CCE8B}"
EndProject
Global
	GlobalSection(SolutionConfigurationPlatforms) = preSolution
		Debug|Any CPU = Debug|Any CPU
		Release|Any CPU = Release|Any CPU
	EndGlobalSection
	GlobalSection(ProjectConfigurationPlatforms) = postSolution
		{8D40F59A-84E6-4E63-B598-43A613FF0D19}.Debug|Any CPU.ActiveCfg = Debug|Any CPU
		{8D40F59A-84E6-4E63-B598-43A613FF0D19}.Debug|Any CPU.Build.0 = Debug|Any CPU
		{8D40F59A-84E6-4E63-B598-43A613FF0D19}.Release|Any CPU.ActiveCfg = Release|Any CPU
		{8D40F59A-84E6-4E63-B598-43A613FF0D19}.Release|Any CPU.Build.0 = Release|Any CPU
		{F2B36C8B-9D9F-4227-93E4-450B8D8CCE8B}.Debug|Any CPU.ActiveCfg = Debug|Any CPU
		{F2B36C8B-9D9F-4227-93E4-450B8D8CCE8B}.Debug|Any CPU.Build.0 = Debug|Any CPU
		{F2B36C8B-9D9F-4227-93E4-450B8D8CCE8B}.Release|Any CPU.ActiveCfg = Release|Any CPU
		{F2B36C8B-9D9F-4227-93E4-450B8D8CCE8B}.Release|Any CPU.Build.0 = Release|Any CPU
	EndGlobalSection
	GlobalSection(SolutionProperties) = preSolution
		HideSolutionNode = FALSE
	EndGlobalSection
	GlobalSection(ExtensibilityGlobals) = postSolution
		SolutionGuid = {4C3026C2-8976-4DDF-95ED-C6BE830F6233}
	EndGlobalSection
EndGlobal
